MAILWISP_GO_BUILDER=golang:1.26.5-alpine3.24@sha256:0178a641fbb4858c5f1b48e34bdaabe0350a330a1b1149aabd498d0699ff5fb2
MAILWISP_NODE_BUILDER=node:22.20.0-alpine3.22@sha256:dbcedd8aeab47fbc0f4dd4bffa55b7c3c729a707875968d467aaaea42d6225af
MAILWISP_NPM=11.15.0
MAILWISP_DOCKERFILE_FRONTEND=docker/dockerfile:1.20.0@sha256:26147acbda4f14c5add9946e2fd2ed543fc402884fd75146bd342a7f6271dc1d
MAILWISP_DOCKER_COMPOSE=5.2.0
MAILWISP_DOCKER_COMPOSE_LINUX_X86_64_SHA256=018f9612ecabc5f2d7aaa53d6f5f44453a87611e2d72c8ef84d7b1eca070e719
MAILWISP_APP_BASE=alpine:3.24.1@sha256:28bd5fe8b56d1bd048e5babf5b10710ebe0bae67db86916198a6eec434943f8b
MAILWISP_NGINX=nginx:1.30.3-alpine@sha256:0d3b80406a13a767339fbe2f41406d6c7da727ab89cf8fae399e81f780f814d1
MAILWISP_POSTGRES=postgres:18.4-alpine@sha256:9a8afca54e7861fd90fab5fdf4c42477a6b1cb7d293595148e674e0a3181de15
MAILWISP_POSTGRESQL_CLIENT_PACKAGE=18.4-r0
MAILWISP_PROMETHEUS_TOOL=prom/prometheus:v3.13.1@sha256:3c42b892cf723fa54d2f262c37a0e1f80aa8c8ddb1da7b9b0df9455a35a7f893
MAILWISP_CERTBOT=certbot/certbot:v5.6.0@sha256:0107d084c225631fc64a8313e19adb07275f7296fde338f7dfa93986c80b2e3e
MAILWISP_POSTFIX_PACKAGE=3.11.5-r0
